
Microsoft Visual Studio Solution File, Format Version 12.00
# Visual Studio 14
VisualStudioVersion = 14.0.25420.1
MinimumVisualStudioVersion = 10.0.40219.1
Project("{FAE04EC0-301F-11D3-BF4B-00C04F79EFBC}") = "BackgroundTasks.Android", "BackgroundTasks\BackgroundTasks.Android\BackgroundTasks.Android.csproj", "{55A19555-77FB-421D-92BB-8CF10C02DDD1}"
EndProject
Project("{FAE04EC0-301F-11D3-BF4B-00C04F79EFBC}") = "BackgroundTasks", "BackgroundTasks\BackgroundTasks\BackgroundTasks.csproj", "{520AB85F-2C15-4587-A78F-BEEE7702CE71}"
EndProject
Project("{FAE04EC0-301F-11D3-BF4B-00C04F79EFBC}") = "BackgroundTasks.UWP", "BackgroundTasks\BackgroundTasks.UWP\BackgroundTasks.UWP.csproj", "{9B3D2D29-812E-4AD2-98CF-7D76CC45208D}"
EndProject
Project("{FAE04EC0-301F-11D3-BF4B-00C04F79EFBC}") = "BackgroundTasks.iOS", "BackgroundTasks\BackgroundTasks.iOS\BackgroundTasks.iOS.csproj", "{CB6B83A8-1EB6-4676-8523-29976BA17606}"
EndProject
Global
	GlobalSection(SolutionConfigurationPlatforms) = preSolution
		Ad-Hoc|Any CPU = Ad-Hoc|Any CPU
		Ad-Hoc|ARM = Ad-Hoc|ARM
		Ad-Hoc|iPhone = Ad-Hoc|iPhone
		Ad-Hoc|iPhoneSimulator = Ad-Hoc|iPhoneSimulator
		Ad-Hoc|x64 = Ad-Hoc|x64
		Ad-Hoc|x86 = Ad-Hoc|x86
		AppStore|Any CPU = AppStore|Any CPU
		AppStore|ARM = AppStore|ARM
		AppStore|iPhone = AppStore|iPhone
		AppStore|iPhoneSimulator = AppStore|iPhoneSimulator
		AppStore|x64 = AppStore|x64
		AppStore|x86 = AppStore|x86
		Debug|Any CPU = Debug|Any CPU
		Debug|ARM = Debug|ARM
		Debug|iPhone = Debug|iPhone
		Debug|iPhoneSimulator = Debug|iPhoneSimulator
		Debug|x64 = Debug|x64
		Debug|x86 = Debug|x86
		Release|Any CPU = Release|Any CPU
		Release|ARM = Release|ARM
		Release|iPhone = Release|iPhone
		Release|iPhoneSimulator = Release|iPhoneSimulator
		Release|x64 = Release|x64
		Release|x86 = Release|x86
	EndGlobalSection
	GlobalSection(ProjectConfigurationPlatforms) = postSolution
		{55A19555-77FB-421D-92BB-8CF10C02DDD1}.Ad-Hoc|Any CPU.ActiveCfg = Release|Any CPU
		{55A19555-77FB-421D-92BB-8CF10C02DDD1}.Ad-Hoc|Any CPU.Build.0 = Release|Any CPU
		{55A19555-77FB-421D-92BB-8CF10C02DDD1}.Ad-Hoc|Any CPU.Deploy.0 = Release|Any CPU
		{55A19555-77FB-421D-92BB-8CF10C02DDD1}.Ad-Hoc|ARM.ActiveCfg = Release|Any CPU
		{55A19555-77FB-421D-92BB-8CF10C02DDD1}.Ad-Hoc|ARM.Build.0 = Release|Any CPU
		{55A19555-77FB-421D-92BB-8CF10C02DDD1}.Ad-Hoc|ARM.Deploy.0 = Release|Any CPU
		{55A19555-77FB-421D-92BB-8CF10C02DDD1}.Ad-Hoc|iPhone.ActiveCfg = Release|Any CPU
		{55A19555-77FB-421D-92BB-8CF10C02DDD1}.Ad-Hoc|iPhone.Build.0 = Release|Any CPU
		{55A19555-77FB-421D-92BB-8CF10C02DDD1}.Ad-Hoc|iPhone.Deploy.0 = Release|Any CPU
		{55A19555-77FB-421D-92BB-8CF10C02DDD1}.Ad-Hoc|iPhoneSimulator.ActiveCfg = Release|Any CPU
		{55A19555-77FB-421D-92BB-8CF10C02DDD1}.Ad-Hoc|iPhoneSimulator.Build.0 = Release|Any CPU
		{55A19555-77FB-421D-92BB-8CF10C02DDD1}.Ad-Hoc|iPhoneSimulator.Deploy.0 = Release|Any CPU
		{55A19555-77FB-421D-92BB-8CF10C02DDD1}.Ad-Hoc|x64.ActiveCfg = Release|Any CPU
		{55A19555-77FB-421D-92BB-8CF10C02DDD1}.Ad-Hoc|x64.Build.0 = Release|Any CPU
		{55A19555-77FB-421D-92BB-8CF10C02DDD1}.Ad-Hoc|x64.Deploy.0 = Release|Any CPU
		{55A19555-77FB-421D-92BB-8CF10C02DDD1}.Ad-Hoc|x86.ActiveCfg = Release|Any CPU
		{55A19555-77FB-421D-92BB-8CF10C02DDD1}.Ad-Hoc|x86.Build.0 = Release|Any CPU
		{55A19555-77FB-421D-92BB-8CF10C02DDD1}.Ad-Hoc|x86.Deploy.0 = Release|Any CPU
		{55A19555-77FB-421D-92BB-8CF10C02DDD1}.AppStore|Any CPU.ActiveCfg = Release|Any CPU
		{55A19555-77FB-421D-92BB-8CF10C02DDD1}.AppStore|Any CPU.Build.0 = Release|Any CPU
		{55A19555-77FB-421D-92BB-8CF10C02DDD1}.AppStore|Any CPU.Deploy.0 = Release|Any CPU
		{55A19555-77FB-421D-92BB-8CF10C02DDD1}.AppStore|ARM.ActiveCfg = Release|Any CPU
		{55A19555-77FB-421D-92BB-8CF10C02DDD1}.AppStore|ARM.Build.0 = Release|Any CPU
		{55A19555-77FB-421D-92BB-8CF10C02DDD1}.AppStore|ARM.Deploy.0 = Release|Any CPU
		{55A19555-77FB-421D-92BB-8CF10C02DDD1}.AppStore|iPhone.ActiveCfg = Release|Any CPU
		{55A19555-77FB-421D-92BB-8CF10C02DDD1}.AppStore|iPhone.Build.0 = Release|Any CPU
		{55A19555-77FB-421D-92BB-8CF10C02DDD1}.AppStore|iPhone.Deploy.0 = Release|Any CPU
		{55A19555-77FB-421D-92BB-8CF10C02DDD1}.AppStore|iPhoneSimulator.ActiveCfg = Release|Any CPU
		{55A19555-77FB-421D-92BB-8CF10C02DDD1}.AppStore|iPhoneSimulator.Build.0 = Release|Any CPU
		{55A19555-77FB-421D-92BB-8CF10C02DDD1}.AppStore|iPhoneSimulator.Deploy.0 = Release|Any CPU
		{55A19555-77FB-421D-92BB-8CF10C02DDD1}.AppStore|x64.ActiveCfg = Release|Any CPU
		{55A19555-77FB-421D-92BB-8CF10C02DDD1}.AppStore|x64.Build.0 = Release|Any CPU
		{55A19555-77FB-421D-92BB-8CF10C02DDD1}.AppStore|x64.Deploy.0 = Release|Any CPU
		{55A19555-77FB-421D-92BB-8CF10C02DDD1}.AppStore|x86.ActiveCfg = Release|Any CPU
		{55A19555-77FB-421D-92BB-8CF10C02DDD1}.AppStore|x86.Build.0 = Release|Any CPU
		{55A19555-77FB-421D-92BB-8CF10C02DDD1}.AppStore|x86.Deploy.0 = Release|Any CPU
		{55A19555-77FB-421D-92BB-8CF10C02DDD1}.Debug|Any CPU.ActiveCfg = Debug|Any CPU
		{55A19555-77FB-421D-92BB-8CF10C02DDD1}.Debug|Any CPU.Build.0 = Debug|Any CPU
		{55A19555-77FB-421D-92BB-8CF10C02DDD1}.Debug|Any CPU.Deploy.0 = Debug|Any CPU
		{55A19555-77FB-421D-92BB-8CF10C02DDD1}.Debug|ARM.ActiveCfg = Debug|Any CPU
		{55A19555-77FB-421D-92BB-8CF10C02DDD1}.Debug|ARM.Build.0 = Debug|Any CPU
		{55A19555-77FB-421D-92BB-8CF10C02DDD1}.Debug|ARM.Deploy.0 = Debug|Any CPU
		{55A19555-77FB-421D-92BB-8CF10C02DDD1}.Debug|iPhone.ActiveCfg = Debug|Any CPU
		{55A19555-77FB-421D-92BB-8CF10C02DDD1}.Debug|iPhone.Build.0 = Debug|Any CPU
		{55A19555-77FB-421D-92BB-8CF10C02DDD1}.Debug|iPhone.Deploy.0 = Debug|Any CPU
		{55A19555-77FB-421D-92BB-8CF10C02DDD1}.Debug|iPhoneSimulator.ActiveCfg = Debug|Any CPU
		{55A19555-77FB-421D-92BB-8CF10C02DDD1}.Debug|iPhoneSimulator.Build.0 = Debug|Any CPU
		{55A19555-77FB-421D-92BB-8CF10C02DDD1}.Debug|iPhoneSimulator.Deploy.0 = Debug|Any CPU
		{55A19555-77FB-421D-92BB-8CF10C02DDD1}.Debug|x64.ActiveCfg = Debug|Any CPU
		{55A19555-77FB-421D-92BB-8CF10C02DDD1}.Debug|x64.Build.0 = Debug|Any CPU
		{55A19555-77FB-421D-92BB-8CF10C02DDD1}.Debug|x64.Deploy.0 = Debug|Any CPU
		{55A19555-77FB-421D-92BB-8CF10C02DDD1}.Debug|x86.ActiveCfg = Debug|Any CPU
		{55A19555-77FB-421D-92BB-8CF10C02DDD1}.Debug|x86.Build.0 = Debug|Any CPU
		{55A19555-77FB-421D-92BB-8CF10C02DDD1}.Debug|x86.Deploy.0 = Debug|Any CPU
		{55A19555-77FB-421D-92BB-8CF10C02DDD1}.Release|Any CPU.ActiveCfg = Release|Any CPU
		{55A19555-77FB-421D-92BB-8CF10C02DDD1}.Release|Any CPU.Build.0 = Release|Any CPU
		{55A19555-77FB-421D-92BB-8CF10C02DDD1}.Release|Any CPU.Deploy.0 = Release|Any CPU
		{55A19555-77FB-421D-92BB-8CF10C02DDD1}.Release|ARM.ActiveCfg = Release|Any CPU
		{55A19555-77FB-421D-92BB-8CF10C02DDD1}.Release|ARM.Build.0 = Release|Any CPU
		{55A19555-77FB-421D-92BB-8CF10C02DDD1}.Release|ARM.Deploy.0 = Release|Any CPU
		{55A19555-77FB-421D-92BB-8CF10C02DDD1}.Release|iPhone.ActiveCfg = Release|Any CPU
		{55A19555-77FB-421D-92BB-8CF10C02DDD1}.Release|iPhone.Build.0 = Release|Any CPU
		{55A19555-77FB-421D-92BB-8CF10C02DDD1}.Release|iPhone.Deploy.0 = Release|Any CPU
		{55A19555-77FB-421D-92BB-8CF10C02DDD1}.Release|iPhoneSimulator.ActiveCfg = Release|Any CPU
		{55A19555-77FB-421D-92BB-8CF10C02DDD1}.Release|iPhoneSimulator.Build.0 = Release|Any CPU
		{55A19555-77FB-421D-92BB-8CF10C02DDD1}.Release|iPhoneSimulator.Deploy.0 = Release|Any CPU
		{55A19555-77FB-421D-92BB-8CF10C02DDD1}.Release|x64.ActiveCfg = Release|Any CPU
		{55A19555-77FB-421D-92BB-8CF10C02DDD1}.Release|x64.Build.0 = Release|Any CPU
		{55A19555-77FB-421D-92BB-8CF10C02DDD1}.Release|x64.Deploy.0 = Release|Any CPU
		{55A19555-77FB-421D-92BB-8CF10C02DDD1}.Release|x86.ActiveCfg = Release|Any CPU
		{55A19555-77FB-421D-92BB-8CF10C02DDD1}.Release|x86.Build.0 = Release|Any CPU
		{55A19555-77FB-421D-92BB-8CF10C02DDD1}.Release|x86.Deploy.0 = Release|Any CPU
		{520AB85F-2C15-4587-A78F-BEEE7702CE71}.Ad-Hoc|Any CPU.ActiveCfg = Release|Any CPU
		{520AB85F-2C15-4587-A78F-BEEE7702CE71}.Ad-Hoc|Any CPU.Build.0 = Release|Any CPU
		{520AB85F-2C15-4587-A78F-BEEE7702CE71}.Ad-Hoc|ARM.ActiveCfg = Release|Any CPU
		{520AB85F-2C15-4587-A78F-BEEE7702CE71}.Ad-Hoc|ARM.Build.0 = Release|Any CPU
		{520AB85F-2C15-4587-A78F-BEEE7702CE71}.Ad-Hoc|iPhone.ActiveCfg = Release|Any CPU
		{520AB85F-2C15-4587-A78F-BEEE7702CE71}.Ad-Hoc|iPhone.Build.0 = Release|Any CPU
		{520AB85F-2C15-4587-A78F-BEEE7702CE71}.Ad-Hoc|iPhoneSimulator.ActiveCfg = Release|Any CPU
		{520AB85F-2C15-4587-A78F-BEEE7702CE71}.Ad-Hoc|iPhoneSimulator.Build.0 = Release|Any CPU
		{520AB85F-2C15-4587-A78F-BEEE7702CE71}.Ad-Hoc|x64.ActiveCfg = Release|Any CPU
		{520AB85F-2C15-4587-A78F-BEEE7702CE71}.Ad-Hoc|x64.Build.0 = Release|Any CPU
		{520AB85F-2C15-4587-A78F-BEEE7702CE71}.Ad-Hoc|x86.ActiveCfg = Release|Any CPU
		{520AB85F-2C15-4587-A78F-BEEE7702CE71}.Ad-Hoc|x86.Build.0 = Release|Any CPU
		{520AB85F-2C15-4587-A78F-BEEE7702CE71}.AppStore|Any CPU.ActiveCfg = Release|Any CPU
		{520AB85F-2C15-4587-A78F-BEEE7702CE71}.AppStore|Any CPU.Build.0 = Release|Any CPU
		{520AB85F-2C15-4587-A78F-BEEE7702CE71}.AppStore|ARM.ActiveCfg = Release|Any CPU
		{520AB85F-2C15-4587-A78F-BEEE7702CE71}.AppStore|ARM.Build.0 = Release|Any CPU
		{520AB85F-2C15-4587-A78F-BEEE7702CE71}.AppStore|iPhone.ActiveCfg = Release|Any CPU
		{520AB85F-2C15-4587-A78F-BEEE7702CE71}.AppStore|iPhone.Build.0 = Release|Any CPU
		{520AB85F-2C15-4587-A78F-BEEE7702CE71}.AppStore|iPhoneSimulator.ActiveCfg = Release|Any CPU
		{520AB85F-2C15-4587-A78F-BEEE7702CE71}.AppStore|iPhoneSimulator.Build.0 = Release|Any CPU
		{520AB85F-2C15-4587-A78F-BEEE7702CE71}.AppStore|x64.ActiveCfg = Release|Any CPU
		{520AB85F-2C15-4587-A78F-BEEE7702CE71}.AppStore|x64.Build.0 = Release|Any CPU
		{520AB85F-2C15-4587-A78F-BEEE7702CE71}.AppStore|x86.ActiveCfg = Release|Any CPU
		{520AB85F-2C15-4587-A78F-BEEE7702CE71}.AppStore|x86.Build.0 = Release|Any CPU
		{520AB85F-2C15-4587-A78F-BEEE7702CE71}.Debug|Any CPU.ActiveCfg = Debug|Any CPU
		{520AB85F-2C15-4587-A78F-BEEE7702CE71}.Debug|Any CPU.Build.0 = Debug|Any CPU
		{520AB85F-2C15-4587-A78F-BEEE7702CE71}.Debug|ARM.ActiveCfg = Debug|Any CPU
		{520AB85F-2C15-4587-A78F-BEEE7702CE71}.Debug|ARM.Build.0 = Debug|Any CPU
		{520AB85F-2C15-4587-A78F-BEEE7702CE71}.Debug|iPhone.ActiveCfg = Debug|Any CPU
		{520AB85F-2C15-4587-A78F-BEEE7702CE71}.Debug|iPhone.Build.0 = Debug|Any CPU
		{520AB85F-2C15-4587-A78F-BEEE7702CE71}.Debug|iPhoneSimulator.ActiveCfg = Debug|Any CPU
		{520AB85F-2C15-4587-A78F-BEEE7702CE71}.Debug|iPhoneSimulator.Build.0 = Debug|Any CPU
		{520AB85F-2C15-4587-A78F-BEEE7702CE71}.Debug|x64.ActiveCfg = Debug|Any CPU
		{520AB85F-2C15-4587-A78F-BEEE7702CE71}.Debug|x64.Build.0 = Debug|Any CPU
		{520AB85F-2C15-4587-A78F-BEEE7702CE71}.Debug|x86.ActiveCfg = Debug|Any CPU
		{520AB85F-2C15-4587-A78F-BEEE7702CE71}.Debug|x86.Build.0 = Debug|Any CPU
		{520AB85F-2C15-4587-A78F-BEEE7702CE71}.Release|Any CPU.ActiveCfg = Release|Any CPU
		{520AB85F-2C15-4587-A78F-BEEE7702CE71}.Release|Any CPU.Build.0 = Release|Any CPU
		{520AB85F-2C15-4587-A78F-BEEE7702CE71}.Release|ARM.ActiveCfg = Release|Any CPU
		{520AB85F-2C15-4587-A78F-BEEE7702CE71}.Release|ARM.Build.0 = Release|Any CPU
		{520AB85F-2C15-4587-A78F-BEEE7702CE71}.Release|iPhone.ActiveCfg = Release|Any CPU
		{520AB85F-2C15-4587-A78F-BEEE7702CE71}.Release|iPhone.Build.0 = Release|Any CPU
		{520AB85F-2C15-4587-A78F-BEEE7702CE71}.Release|iPhoneSimulator.ActiveCfg = Release|Any CPU
		{520AB85F-2C15-4587-A78F-BEEE7702CE71}.Release|iPhoneSimulator.Build.0 = Release|Any CPU
		{520AB85F-2C15-4587-A78F-BEEE7702CE71}.Release|x64.ActiveCfg = Release|Any CPU
		{520AB85F-2C15-4587-A78F-BEEE7702CE71}.Release|x64.Build.0 = Release|Any CPU
		{520AB85F-2C15-4587-A78F-BEEE7702CE71}.Release|x86.ActiveCfg = Release|Any CPU
		{520AB85F-2C15-4587-A78F-BEEE7702CE71}.Release|x86.Build.0 = Release|Any CPU
		{9B3D2D29-812E-4AD2-98CF-7D76CC45208D}.Ad-Hoc|Any CPU.ActiveCfg = Release|x86
		{9B3D2D29-812E-4AD2-98CF-7D76CC45208D}.Ad-Hoc|Any CPU.Build.0 = Release|x86
		{9B3D2D29-812E-4AD2-98CF-7D76CC45208D}.Ad-Hoc|Any CPU.Deploy.0 = Release|x86
		{9B3D2D29-812E-4AD2-98CF-7D76CC45208D}.Ad-Hoc|ARM.ActiveCfg = Release|ARM
		{9B3D2D29-812E-4AD2-98CF-7D76CC45208D}.Ad-Hoc|ARM.Build.0 = Release|ARM
		{9B3D2D29-812E-4AD2-98CF-7D76CC45208D}.Ad-Hoc|ARM.Deploy.0 = Release|ARM
		{9B3D2D29-812E-4AD2-98CF-7D76CC45208D}.Ad-Hoc|iPhone.ActiveCfg = Release|x86
		{9B3D2D29-812E-4AD2-98CF-7D76CC45208D}.Ad-Hoc|iPhone.Build.0 = Release|x86
		{9B3D2D29-812E-4AD2-98CF-7D76CC45208D}.Ad-Hoc|iPhone.Deploy.0 = Release|x86
		{9B3D2D29-812E-4AD2-98CF-7D76CC45208D}.Ad-Hoc|iPhoneSimulator.ActiveCfg = Release|x86
		{9B3D2D29-812E-4AD2-98CF-7D76CC45208D}.Ad-Hoc|iPhoneSimulator.Build.0 = Release|x86
		{9B3D2D29-812E-4AD2-98CF-7D76CC45208D}.Ad-Hoc|iPhoneSimulator.Deploy.0 = Release|x86
		{9B3D2D29-812E-4AD2-98CF-7D76CC45208D}.Ad-Hoc|x64.ActiveCfg = Release|x64
		{9B3D2D29-812E-4AD2-98CF-7D76CC45208D}.Ad-Hoc|x64.Build.0 = Release|x64
		{9B3D2D29-812E-4AD2-98CF-7D76CC45208D}.Ad-Hoc|x64.Deploy.0 = Release|x64
		{9B3D2D29-812E-4AD2-98CF-7D76CC45208D}.Ad-Hoc|x86.ActiveCfg = Release|x86
		{9B3D2D29-812E-4AD2-98CF-7D76CC45208D}.Ad-Hoc|x86.Build.0 = Release|x86
		{9B3D2D29-812E-4AD2-98CF-7D76CC45208D}.Ad-Hoc|x86.Deploy.0 = Release|x86
		{9B3D2D29-812E-4AD2-98CF-7D76CC45208D}.AppStore|Any CPU.ActiveCfg = Release|x86
		{9B3D2D29-812E-4AD2-98CF-7D76CC45208D}.AppStore|Any CPU.Build.0 = Release|x86
		{9B3D2D29-812E-4AD2-98CF-7D76CC45208D}.AppStore|Any CPU.Deploy.0 = Release|x86
		{9B3D2D29-812E-4AD2-98CF-7D76CC45208D}.AppStore|ARM.ActiveCfg = Release|ARM
		{9B3D2D29-812E-4AD2-98CF-7D76CC45208D}.AppStore|ARM.Build.0 = Release|ARM
		{9B3D2D29-812E-4AD2-98CF-7D76CC45208D}.AppStore|ARM.Deploy.0 = Release|ARM
		{9B3D2D29-812E-4AD2-98CF-7D76CC45208D}.AppStore|iPhone.ActiveCfg = Release|x86
		{9B3D2D29-812E-4AD2-98CF-7D76CC45208D}.AppStore|iPhone.Build.0 = Release|x86
		{9B3D2D29-812E-4AD2-98CF-7D76CC45208D}.AppStore|iPhone.Deploy.0 = Release|x86
		{9B3D2D29-812E-4AD2-98CF-7D76CC45208D}.AppStore|iPhoneSimulator.ActiveCfg = Release|x86
		{9B3D2D29-812E-4AD2-98CF-7D76CC45208D}.AppStore|iPhoneSimulator.Build.0 = Release|x86
		{9B3D2D29-812E-4AD2-98CF-7D76CC45208D}.AppStore|iPhoneSimulator.Deploy.0 = Release|x86
		{9B3D2D29-812E-4AD2-98CF-7D76CC45208D}.AppStore|x64.ActiveCfg = Release|x64
		{9B3D2D29-812E-4AD2-98CF-7D76CC45208D}.AppStore|x64.Build.0 = Release|x64
		{9B3D2D29-812E-4AD2-98CF-7D76CC45208D}.AppStore|x64.Deploy.0 = Release|x64
		{9B3D2D29-812E-4AD2-98CF-7D76CC45208D}.AppStore|x86.ActiveCfg = Release|x86
		{9B3D2D29-812E-4AD2-98CF-7D76CC45208D}.AppStore|x86.Build.0 = Release|x86
		{9B3D2D29-812E-4AD2-98CF-7D76CC45208D}.AppStore|x86.Deploy.0 = Release|x86
		{9B3D2D29-812E-4AD2-98CF-7D76CC45208D}.Debug|Any CPU.ActiveCfg = Debug|x86
		{9B3D2D29-812E-4AD2-98CF-7D76CC45208D}.Debug|ARM.ActiveCfg = Debug|ARM
		{9B3D2D29-812E-4AD2-98CF-7D76CC45208D}.Debug|ARM.Build.0 = Debug|ARM
		{9B3D2D29-812E-4AD2-98CF-7D76CC45208D}.Debug|ARM.Deploy.0 = Debug|ARM
		{9B3D2D29-812E-4AD2-98CF-7D76CC45208D}.Debug|iPhone.ActiveCfg = Debug|x86
		{9B3D2D29-812E-4AD2-98CF-7D76CC45208D}.Debug|iPhoneSimulator.ActiveCfg = Debug|x86
		{9B3D2D29-812E-4AD2-98CF-7D76CC45208D}.Debug|x64.ActiveCfg = Debug|x64
		{9B3D2D29-812E-4AD2-98CF-7D76CC45208D}.Debug|x64.Build.0 = Debug|x64
		{9B3D2D29-812E-4AD2-98CF-7D76CC45208D}.Debug|x64.Deploy.0 = Debug|x64
		{9B3D2D29-812E-4AD2-98CF-7D76CC45208D}.Debug|x86.ActiveCfg = Debug|x86
		{9B3D2D29-812E-4AD2-98CF-7D76CC45208D}.Debug|x86.Build.0 = Debug|x86
		{9B3D2D29-812E-4AD2-98CF-7D76CC45208D}.Debug|x86.Deploy.0 = Debug|x86
		{9B3D2D29-812E-4AD2-98CF-7D76CC45208D}.Release|Any CPU.ActiveCfg = Release|x86
		{9B3D2D29-812E-4AD2-98CF-7D76CC45208D}.Release|ARM.ActiveCfg = Release|ARM
		{9B3D2D29-812E-4AD2-98CF-7D76CC45208D}.Release|ARM.Build.0 = Release|ARM
		{9B3D2D29-812E-4AD2-98CF-7D76CC45208D}.Release|ARM.Deploy.0 = Release|ARM
		{9B3D2D29-812E-4AD2-98CF-7D76CC45208D}.Release|iPhone.ActiveCfg = Release|x86
		{9B3D2D29-812E-4AD2-98CF-7D76CC45208D}.Release|iPhoneSimulator.ActiveCfg = Release|x86
		{9B3D2D29-812E-4AD2-98CF-7D76CC45208D}.Release|x64.ActiveCfg = Release|x64
		{9B3D2D29-812E-4AD2-98CF-7D76CC45208D}.Release|x64.Build.0 = Release|x64
		{9B3D2D29-812E-4AD2-98CF-7D76CC45208D}.Release|x64.Deploy.0 = Release|x64
		{9B3D2D29-812E-4AD2-98CF-7D76CC45208D}.Release|x86.ActiveCfg = Release|x86
		{9B3D2D29-812E-4AD2-98CF-7D76CC45208D}.Release|x86.Build.0 = Release|x86
		{9B3D2D29-812E-4AD2-98CF-7D76CC45208D}.Release|x86.Deploy.0 = Release|x86
		{CB6B83A8-1EB6-4676-8523-29976BA17606}.Ad-Hoc|Any CPU.ActiveCfg = Ad-Hoc|iPhone
		{CB6B83A8-1EB6-4676-8523-29976BA17606}.Ad-Hoc|ARM.ActiveCfg = Ad-Hoc|iPhone
		{CB6B83A8-1EB6-4676-8523-29976BA17606}.Ad-Hoc|iPhone.ActiveCfg = Ad-Hoc|iPhone
		{CB6B83A8-1EB6-4676-8523-29976BA17606}.Ad-Hoc|iPhone.Build.0 = Ad-Hoc|iPhone
		{CB6B83A8-1EB6-4676-8523-29976BA17606}.Ad-Hoc|iPhoneSimulator.ActiveCfg = Ad-Hoc|iPhoneSimulator
		{CB6B83A8-1EB6-4676-8523-29976BA17606}.Ad-Hoc|iPhoneSimulator.Build.0 = Ad-Hoc|iPhoneSimulator
		{CB6B83A8-1EB6-4676-8523-29976BA17606}.Ad-Hoc|x64.ActiveCfg = Ad-Hoc|iPhone
		{CB6B83A8-1EB6-4676-8523-29976BA17606}.Ad-Hoc|x86.ActiveCfg = Ad-Hoc|iPhone
		{CB6B83A8-1EB6-4676-8523-29976BA17606}.AppStore|Any CPU.ActiveCfg = AppStore|iPhone
		{CB6B83A8-1EB6-4676-8523-29976BA17606}.AppStore|ARM.ActiveCfg = AppStore|iPhone
		{CB6B83A8-1EB6-4676-8523-29976BA17606}.AppStore|iPhone.ActiveCfg = AppStore|iPhone
		{CB6B83A8-1EB6-4676-8523-29976BA17606}.AppStore|iPhone.Build.0 = AppStore|iPhone
		{CB6B83A8-1EB6-4676-8523-29976BA17606}.AppStore|iPhoneSimulator.ActiveCfg = AppStore|iPhoneSimulator
		{CB6B83A8-1EB6-4676-8523-29976BA17606}.AppStore|iPhoneSimulator.Build.0 = AppStore|iPhoneSimulator
		{CB6B83A8-1EB6-4676-8523-29976BA17606}.AppStore|x64.ActiveCfg = AppStore|iPhone
		{CB6B83A8-1EB6-4676-8523-29976BA17606}.AppStore|x86.ActiveCfg = AppStore|iPhone
		{CB6B83A8-1EB6-4676-8523-29976BA17606}.Debug|Any CPU.ActiveCfg = Debug|iPhone
		{CB6B83A8-1EB6-4676-8523-29976BA17606}.Debug|ARM.ActiveCfg = Debug|iPhone
		{CB6B83A8-1EB6-4676-8523-29976BA17606}.Debug|iPhone.ActiveCfg = Debug|iPhone
		{CB6B83A8-1EB6-4676-8523-29976BA17606}.Debug|iPhone.Build.0 = Debug|iPhone
		{CB6B83A8-1EB6-4676-8523-29976BA17606}.Debug|iPhoneSimulator.ActiveCfg = Debug|iPhoneSimulator
		{CB6B83A8-1EB6-4676-8523-29976BA17606}.Debug|iPhoneSimulator.Build.0 = Debug|iPhoneSimulator
		{CB6B83A8-1EB6-4676-8523-29976BA17606}.Debug|x64.ActiveCfg = Debug|iPhone
		{CB6B83A8-1EB6-4676-8523-29976BA17606}.Debug|x86.ActiveCfg = Debug|iPhone
		{CB6B83A8-1EB6-4676-8523-29976BA17606}.Release|Any CPU.ActiveCfg = Release|iPhone
		{CB6B83A8-1EB6-4676-8523-29976BA17606}.Release|ARM.ActiveCfg = Release|iPhone
		{CB6B83A8-1EB6-4676-8523-29976BA17606}.Release|iPhone.ActiveCfg = Release|iPhone
		{CB6B83A8-1EB6-4676-8523-29976BA17606}.Release|iPhone.Build.0 = Release|iPhone
		{CB6B83A8-1EB6-4676-8523-29976BA17606}.Release|iPhoneSimulator.ActiveCfg = Release|iPhoneSimulator
		{CB6B83A8-1EB6-4676-8523-29976BA17606}.Release|iPhoneSimulator.Build.0 = Release|iPhoneSimulator
		{CB6B83A8-1EB6-4676-8523-29976BA17606}.Release|x64.ActiveCfg = Release|iPhone
		{CB6B83A8-1EB6-4676-8523-29976BA17606}.Release|x86.ActiveCfg = Release|iPhone
	EndGlobalSection
	GlobalSection(SolutionProperties) = preSolution
		HideSolutionNode = FALSE
	EndGlobalSection
EndGlobal
